# THIS IS AN AUTOGENERATED FILE. DO NOT EDIT THIS FILE DIRECTLY.
# yarn lockfile v1


ad-block@^2.0.1:
  version "2.1.0"
  resolved "https://registry.yarnpkg.com/ad-block/-/ad-block-2.1.0.tgz#f9d0f0c755f4ae710989cd0feaa084ba6db20cc7"
  dependencies:
    bloom-filter-cpp "1.1.x"
    cppunitlite "^1.0.0"
    hashset-cpp "1.0.x"
    nan "^2.2.1"

bloom-filter-cpp@1.1.x:
  version "1.1.6"
  resolved "https://registry.yarnpkg.com/bloom-filter-cpp/-/bloom-filter-cpp-1.1.6.tgz#ddf0305923adf6edac1bf409e6735e196d2cacbf"

contains-ads@^0.2.5:
  version "0.2.5"
  resolved "https://registry.yarnpkg.com/contains-ads/-/contains-ads-0.2.5.tgz#e624e5197cd7f286e736f1959d383ef7c156c578"
  dependencies:
    ad-block "^2.0.1"

cppunitlite@^1.0.0:
  version "1.0.0"
  resolved "https://registry.yarnpkg.com/cppunitlite/-/cppunitlite-1.0.0.tgz#d9b33bd4dbde7de6b09e3534176e046653fabceb"

hashset-cpp@1.0.x:
  version "1.0.18"
  resolved "https://registry.yarnpkg.com/hashset-cpp/-/hashset-cpp-1.0.18.tgz#68d4fbf035f04909f68061fc51546a025ab314f4"

nan@^2.2.1:
  version "2.9.2"
  resolved "https://registry.yarnpkg.com/nan/-/nan-2.9.2.tgz#f564d75f5f8f36a6d9456cca7a6c4fe488ab7866"
